github.com/Rican7/conjson v0.1.0 h1:8dNZzdy1mzwo9LOideWcOyY3PbKdsJPF7hj31/mrIiw=
github.com/Rican7/conjson v0.1.0/go.mod h1:CL1oWzzC9Ox36F2ghCPmtNpdW/ZKRunAc4dEoCL4Qyc=
github.com/alexflint/go-arg v1.5.1 h1:nBuWUCpuRy0snAG+uIJ6N0UvYxpxA0/ghA/AaHxlT8Y=
github.com/alexflint/go-arg v1.5.1/go.mod h1:A7vTJzvjoaSTypg4biM5uYNTkJ27SkNTArtYXnlqVO8=
github.com/alexflint/go-scalar v1.2.0 h1:WR7JPKkeNpnYIOfHRa7ivM21aWAdHD0gEWHCx+WQBRw=
github.com/alexflint/go-scalar v1.2.0/go.mod h1:LoFvNMqS1CPrMVltza4LvnGKhaSpc3oyLEBUZVhhS2o=
github.com/bahlo/generic-list-go v0.2.0 h1:5sz/EEAK+ls5wF+NeqDpk5+iNdMDXrh3z3nPnH1Wvgk=
github.com/bahlo/generic-list-go v0.2.0/go.mod h1:2KvAjgMlE5NNynlg/5iLrrCCZ2+5xWbdbCW3pNTGyYg=
github.com/buger/jsonparser v1.1.1 h1:2PnMjfWD7wBILjqQbt530v576A/cAbQvEW9gGIpYMUs=
github.com/buger/jsonparser v1.1.1/go.mod h1:6RYKKt7H4d4+iWqouImQ9R2FZql3VbhNgx27UK13J/0=
github.com/davecgh/go-spew v1.1.1/go.mod h1:J7Y8YcW2NihsgmVo/mv3lAwl/skON4iLHjSsI+c5H38=
github.com/davecgh/go-spew v1.1.2-0.20180830191138-d8f796af33cc h1:U9qPSI2PIWSS1VwoXQT9A3Wy9MM3WgvqSxFWenqJduM=
github.com/davecgh/go-spew v1.1.2-0.20180830191138-d8f796af33cc/go.mod h1:J7Y8YcW2NihsgmVo/mv3lAwl/skON4iLHjSsI+c5H38=
github.com/iancoleman/strcase v0.3.0 h1:nTXanmYxhfFAMjZL34Ov6gkzEsSJZ5DbhxWjvSASxEI=
github.com/iancoleman/strcase v0.3.0/go.mod h1:iwCmte+B7n89clKwxIoIXy/HfoL7AsD47ZCWhYzw7ho=
github.com/invopop/jsonschema v0.13.0 h1:KvpoAJWEjR3uD9Kbm2HWJmqsEaHt8lBUpd0qHcIi21E=
github.com/invopop/jsonschema v0.13.0/go.mod h1:ffZ5Km5SWWRAIN6wbDXItl95euhFz2uON45H2qjYt+0=
github.com/joho/godotenv v1.5.1 h1:7eLL/+HRGLY0ldzfGMeQkb7vMd0as4CfYvUVzLqw0N0=
github.com/joho/godotenv v1.5.1/go.mod h1:f4LDr5Voq0i2e/R5DDNOoa2zzDfwtkZa6DnEwAbqwq4=
github.com/kr/pretty v0.3.1 h1:flRD4NNwYAUpkphVc1HcthR4KEIFJ65n8Mw5qdRn3LE=
github.com/kr/pretty v0.3.1/go.mod h1:hoEshYVHaxMs3cyo3Yncou5ZscifuDolrwPKZanG3xk=
github.com/kr/text v0.2.0 h1:5Nx0Ya0ZqY2ygV366QzturHI13Jq95ApcVaJBhpS+AY=
github.com/kr/text v0.2.0/go.mod h1:eLer722TekiGuMkidMxC/pM04lWEeraHUUmBw8l2grE=
github.com/mailru/easyjson v0.9.0 h1:PrnmzHw7262yW8sTBwxi1PdJA3Iw/EKBa8psRf7d9a4=
github.com/mailru/easyjson v0.9.0/go.mod h1:1+xMtQp2MRNVL/V1bOzuP3aP8VNwRW55fQUto+XFtTU=
github.com/pmezard/go-difflib v1.0.0/go.mod h1:iKH77koFhYxTK1pcRnkKkqfTogsbg7gZNVY4sRDYZ/4=
github.com/pmezard/go-difflib v1.0.1-0.20181226105442-5d4384ee4fb2 h1:Jamvg5psRIccs7FGNTlIRMkT8wgtp5eCXdBlqhYGL6U=
github.com/pmezard/go-difflib v1.0.1-0.20181226105442-5d4384ee4fb2/go.mod h1:iKH77koFhYxTK1pcRnkKkqfTogsbg7gZNVY4sRDYZ/4=
github.com/rogpeppe/go-internal v1.13.1 h1:KvO1DLK/DRN07sQ1LQKScxyZJuNnedQ5/wKSR38lUII=
github.com/rogpeppe/go-internal v1.13.1/go.mod h1:uMEvuHeurkdAXX61udpOXGD/AzZDWNMNyH2VO9fmH0o=
github.com/stretchr/testify v1.2.2/go.mod h1:a8OnRcib4nhh0OaRAV+Yts87kKdq0PP7pXfy6kDkUVs=
github.com/stretchr/testify v1.10.0 h1:Xv5erBjTwe/5IxqUQTdXv5kgmIvbHo3QQyRwhJsOfJA=
github.com/stretchr/testify v1.10.0/go.mod h1:r2ic/lqez/lEtzL7wO/rwa5dbSLXVDPFyf8C91i36aY=
github.com/teejays/gokutil/clog v0.0.0-20250110184101-7bed71063e1b h1:wvS61TXsK2MhdOnZTR7Y9r4gmDPiCZdG+reqkwf8Gyc=
github.com/teejays/gokutil/clog v0.0.0-20250110184101-7bed71063e1b/go.mod h1:hNo+kINeDBD0TFAXy3xxB3c9u8C2Wp4U+ZrZ8lMXp+s=
github.com/teejays/gokutil/cmdutil v0.0.0-20250110184101-7bed71063e1b h1:CFWFtom0vVme5UE7OhEhHmoFoBe3bSu7wYd2Lhbznx8=
github.com/teejays/gokutil/cmdutil v0.0.0-20250110184101-7bed71063e1b/go.mod h1:jL4eOUKNScLRCoDswjxVKK6EZzDF+4hZdZzYCCkkhlg=
github.com/teejays/gokutil/ctxutil v0.0.0-20250110184101-7bed71063e1b h1:UAcLXBddyQxDduuvA0gAkrKKoOkgaAFlBBP9Xhd6e4w=
github.com/teejays/gokutil/ctxutil v0.0.0-20250110184101-7bed71063e1b/go.mod h1:pcUlU0oMGmjUoAMTtVSNfByKx8r0f3HG29VXVEwfVO4=
github.com/teejays/gokutil/env v0.0.0-20250110184101-7bed71063e1b h1:85oj7wKKY8tYyOxPnVs7iMLFhx38wpDtrqIru7X7lVE=
github.com/teejays/gokutil/env v0.0.0-20250110184101-7bed71063e1b/go.mod h1:1JtbPGkHG+7P74hEtvSLNPh4OpOzjlTuquL/ubDVYL8=
github.com/teejays/gokutil/errutil v0.0.0-20250110184101-7bed71063e1b h1:vTJuTj9GeX2Q/zkBSMD8q/KfcdGszh+44RLa3hUQV1I=
github.com/teejays/gokutil/errutil v0.0.0-20250110184101-7bed71063e1b/go.mod h1:p3WlNQEkbZEmVP3FwnZpjqjGHmnC6ARr3LxJiCrkgmo=
github.com/teejays/gokutil/gopi v0.0.0-20250110184101-7bed71063e1b h1:kETlJ4Q4TBJHqBcRP0FfuYZ/9jq1S3jTQ3DtTA9F86o=
github.com/teejays/gokutil/gopi v0.0.0-20250110184101-7bed71063e1b/go.mod h1:26vmF9NYgZ8JFoQM5HogHJd9iYipTCUG4hb6CnlCk+w=
github.com/teejays/gokutil/log v0.0.0-20250110184101-7bed71063e1b h1:VWs6EZvwrrWrVax7izh354/LZGRTSPXo/RrApeph1cQ=
github.com/teejays/gokutil/log v0.0.0-20250110184101-7bed71063e1b/go.mod h1:YU9b1DEPOTLqKcGljSAWMtfhcxasQhETxcKfkG95P1c=
github.com/teejays/gokutil/mainutil v0.0.0-20250110184101-7bed71063e1b h1:f834XuvV6Z49IMsl+Mga8zcurnrLlY+sciL450S5ITg=
github.com/teejays/gokutil/mainutil v0.0.0-20250110184101-7bed71063e1b/go.mod h1:GCguKTzP+rOCCyDAuRsHCIHzHxL1NAPaxACxg+IgSSs=
github.com/teejays/gokutil/naam v0.0.0-20250110184101-7bed71063e1b h1:6fZ5i65F97CeAx4O6E2GGEfCkkEFyQwTVgmjwUbsTow=
github.com/teejays/gokutil/naam v0.0.0-20250110184101-7bed71063e1b/go.mod h1:D3uUO8uJQFEKvYI4JInCiytaiMpFE1TLA+AlXfoSYLc=
github.com/teejays/gokutil/ogconfig v0.0.0-20250110184101-7bed71063e1b h1:V8YTJfj/QF9POC9XKLVBVYlCaPkigw1rLJyywLpV0iQ=
github.com/teejays/gokutil/ogconfig v0.0.0-20250110184101-7bed71063e1b/go.mod h1:T2kfqL8GgBv21xLOgqdLx1b1N8TkRZTHfZEFCPO2Nhg=
github.com/teejays/gokutil/panics v0.0.0-20250110184101-7bed71063e1b h1:D2zAzQUQt63WY4iUDfBtWbzDx9UHWR4Dkf1O84fU6nQ=
github.com/teejays/gokutil/panics v0.0.0-20250110184101-7bed71063e1b/go.mod h1:02LGenLAbivQzXEl9ZHh+9ZdfrMEbJSHtChh5U4S+w4=
github.com/teejays/gokutil/sclog v0.0.0-20250110184101-7bed71063e1b h1:PimzdUfNHQs7/CRr45eTmNJR3hQtW7KIwDCaaiAOqso=
github.com/teejays/gokutil/sclog v0.0.0-20250110184101-7bed71063e1b/go.mod h1:2Vuj40zbm+Jb3cqx3vM4VHo0Kl0TugFZe8Fh/5GL3EE=
github.com/teejays/gokutil/strcase v0.0.0-20250110184101-7bed71063e1b h1:3F0Wr91GP7Rm6gpb69BR6x42BDBJUrX63n3YXKEderM=
github.com/teejays/gokutil/strcase v0.0.0-20250110184101-7bed71063e1b/go.mod h1:xCi0H+zFiXj6tBqiLXji4BHH9D70HLKKGXEXfIklXxU=
github.com/wk8/go-ordered-map/v2 v2.1.8 h1:5h/BUHu93oj4gIdvHHHGsScSTMijfx5PeYkE/fJgbpc=
github.com/wk8/go-ordered-map/v2 v2.1.8/go.mod h1:5nJHM5DyteebpVlHnWMV0rPz6Zp7+xBAnxjb1X5vnTw=
golang.org/x/text v0.21.0 h1:zyQAAkrwaneQ066sspRyJaG9VNi/YJ1NfzcGB3hZ/qo=
golang.org/x/text v0.21.0/go.mod h1:4IBbMaMmOPCJ8SecivzSH54+73PCFmPWxNTLm+vZkEQ=
gopkg.in/check.v1 v0.0.0-20161208181325-20d25e280405/go.mod h1:Co6ibVJAznAaIkqp8huTwlJQCZ016jof/cbN4VW5Yz0=
gopkg.in/check.v1 v1.0.0-20201130134442-10cb98267c6c h1:Hei/4ADfdWqJk1ZMxUNpqntNwaWcugrBjAiHlqqRiVk=
gopkg.in/check.v1 v1.0.0-20201130134442-10cb98267c6c/go.mod h1:JHkPIbrfpd72SG/EVd6muEfDQjcINNoR0C8j2r3qZ4Q=
gopkg.in/yaml.v3 v3.0.1 h1:fxVm/GzAzEWqLHuvctI91KS9hhNmmWOoWu0XTYJS7CA=
gopkg.in/yaml.v3 v3.0.1/go.mod h1:K4uyk7z7BCEPqu6E+C64Yfv1cQ7kz7rIZviUmN+EgEM=
